Microsoft Visual Studio Solution File, Format Version 12.00
# Visual Studio Version 17
VisualStudioVersion = 17.5.2.0
MinimumVisualStudioVersion = 10.0.40219.1
Project("{FAE04EC0-301F-11D3-BF4B-00C04F79EFBC}") = "SafetyPortal.API", "SafetyPortal.API.csproj", "{1B93B04D-5D3D-3401-D61B-EAB12489AB77}"
EndProject
Global
	GlobalSection(SolutionConfigurationPlatforms) = preSolution
		Debug|Any CPU = Debug|Any CPU
		Release|Any CPU = Release|Any CPU
	EndGlobalSection
	GlobalSection(ProjectConfigurationPlatforms) = postSolution
		{1B93B04D-5D3D-3401-D61B-EAB12489AB77}.Debug|Any CPU.ActiveCfg = Debug|Any CPU
		{1B93B04D-5D3D-3401-D61B-EAB12489AB77}.Debug|Any CPU.Build.0 = Debug|Any CPU
		{1B93B04D-5D3D-3401-D61B-EAB12489AB77}.Release|Any CPU.ActiveCfg = Release|Any CPU
		{1B93B04D-5D3D-3401-D61B-EAB12489AB77}.Release|Any CPU.Build.0 = Release|Any CPU
	EndGlobalSection
	GlobalSection(SolutionProperties) = preSolution
		HideSolutionNode = FALSE
	EndGlobalSection
	GlobalSection(ExtensibilityGlobals) = postSolution
		SolutionGuid = {6AD353B2-A840-4E42-9817-6C9A87151E87}
	EndGlobalSection
EndGlobal
